
Microsoft Visual Studio Solution File, Format Version 12.00
# Visual Studio Version 17
VisualStudioVersion = 17.14.36221.1 d17.14
MinimumVisualStudioVersion = 10.0.40219.1
Project("{FAE04EC0-301F-11D3-BF4B-00C04F79EFBC}") = "JobPortal", "JobPortal.csproj", "{794C8F08-02DF-4CF1-88FD-553DBC6AC9B0}"
EndProject
Project("{FAE04EC0-301F-11D3-BF4B-00C04F79EFBC}") = "JobRepository", "..\JobEntities\JobRepository.csproj", "{C6724385-8C6B-4F09-B7BB-D0728664A660}"
EndProject
Project("{FAE04EC0-301F-11D3-BF4B-00C04F79EFBC}") = "JobService", "..\JobService\JobService.csproj", "{7A4E1B8D-8875-44B9-9D18-BCD467423E6F}"
EndProject
Global
	GlobalSection(SolutionConfigurationPlatforms) = preSolution
		Debug|Any CPU = Debug|Any CPU
		Release|Any CPU = Release|Any CPU
	EndGlobalSection
	GlobalSection(ProjectConfigurationPlatforms) = postSolution
		{794C8F08-02DF-4CF1-88FD-553DBC6AC9B0}.Debug|Any CPU.ActiveCfg = Debug|Any CPU
		{794C8F08-02DF-4CF1-88FD-553DBC6AC9B0}.Debug|Any CPU.Build.0 = Debug|Any CPU
		{794C8F08-02DF-4CF1-88FD-553DBC6AC9B0}.Release|Any CPU.ActiveCfg = Release|Any CPU
		{794C8F08-02DF-4CF1-88FD-553DBC6AC9B0}.Release|Any CPU.Build.0 = Release|Any CPU
		{C6724385-8C6B-4F09-B7BB-D0728664A660}.Debug|Any CPU.ActiveCfg = Debug|Any CPU
		{C6724385-8C6B-4F09-B7BB-D0728664A660}.Debug|Any CPU.Build.0 = Debug|Any CPU
		{C6724385-8C6B-4F09-B7BB-D0728664A660}.Release|Any CPU.ActiveCfg = Release|Any CPU
		{C6724385-8C6B-4F09-B7BB-D0728664A660}.Release|Any CPU.Build.0 = Release|Any CPU
		{7A4E1B8D-8875-44B9-9D18-BCD467423E6F}.Debug|Any CPU.ActiveCfg = Debug|Any CPU
		{7A4E1B8D-8875-44B9-9D18-BCD467423E6F}.Debug|Any CPU.Build.0 = Debug|Any CPU
		{7A4E1B8D-8875-44B9-9D18-BCD467423E6F}.Release|Any CPU.ActiveCfg = Release|Any CPU
		{7A4E1B8D-8875-44B9-9D18-BCD467423E6F}.Release|Any CPU.Build.0 = Release|Any CPU
	EndGlobalSection
	GlobalSection(SolutionProperties) = preSolution
		HideSolutionNode = FALSE
	EndGlobalSection
	GlobalSection(ExtensibilityGlobals) = postSolution
		SolutionGuid = {352A90B9-F13F-4BB4-B56C-8FC45BEE93BA}
	EndGlobalSection
EndGlobal
